{
  "name": "@monocle/api",
  "version": "0.1.0",
  "lockfileVersion": 3,
  "requires": true,
  "packages": {
    "": {
      "name": "@monocle/api",
      "version": "0.1.0",
      "license": "MIT",
      "dependencies": {
        "express": "^4.18.2",
        "swagger-jsdoc": "^6.2.8",
        "swagger-ui-express": "^4.6.3"
      },
      "devDependencies": {
        "@types/express": "^4.17.17",
        "@types/node": "^20.3.1",
        "@types/swagger-jsdoc": "^6.0.1",
        "@types/swagger-ui-express": "^4.1.3",
        "ts-node-dev": "^2.0.0",
        "tsup": "^6.7.0"
      }
    },
    "../../node_modules/.pnpm/@types+express@4.17.17/node_modules/@types/express": {
      "version": "4.17.17",
      "dev": true,
      "license": "MIT",
      "dependencies": {
        "@types/body-parser": "*",
        "@types/express-serve-static-core": "^4.17.33",
        "@types/qs": "*",
        "@types/serve-static": "*"
      }
    },
    "../../node_modules/.pnpm/@types+node@20.3.1/node_modules/@types/node": {
      "version": "20.3.1",
      "dev": true,
      "license": "MIT"
    },
    "../../node_modules/.pnpm/express@4.18.2/node_modules/express": {
      "version": "4.18.2",
      "license": "MIT",
      "dependencies": {
        "accepts": "~1.3.8",
        "array-flatten": "1.1.1",
        "body-parser": "1.20.1",
        "content-disposition": "0.5.4",
        "content-type": "~1.0.4",
        "cookie": "0.5.0",
        "cookie-signature": "1.0.6",
        "debug": "2.6.9",
        "depd": "2.0.0",
        "encodeurl": "~1.0.2",
        "escape-html": "~1.0.3",
        "etag": "~1.8.1",
        "finalhandler": "1.2.0",
        "fresh": "0.5.2",
        "http-errors": "2.0.0",
        "merge-descriptors": "1.0.1",
        "methods": "~1.1.2",
        "on-finished": "2.4.1",
        "parseurl": "~1.3.3",
        "path-to-regexp": "0.1.7",
        "proxy-addr": "~2.0.7",
        "qs": "6.11.0",
        "range-parser": "~1.2.1",
        "safe-buffer": "5.2.1",
        "send": "0.18.0",
        "serve-static": "1.15.0",
        "setprototypeof": "1.2.0",
        "statuses": "2.0.1",
        "type-is": "~1.6.18",
        "utils-merge": "1.0.1",
        "vary": "~1.1.2"
      },
      "devDependencies": {
        "after": "0.8.2",
        "connect-redis": "3.4.2",
        "cookie-parser": "1.4.6",
        "cookie-session": "2.0.0",
        "ejs": "3.1.8",
        "eslint": "8.24.0",
        "express-session": "1.17.2",
        "hbs": "4.2.0",
        "marked": "0.7.0",
        "method-override": "3.0.0",
        "mocha": "10.0.0",
        "morgan": "1.10.0",
        "multiparty": "4.2.3",
        "nyc": "15.1.0",
        "pbkdf2-password": "1.2.1",
        "supertest": "6.3.0",
        "vhost": "~3.0.2"
      },
      "engines": {
        "node": ">= 0.10.0"
      }
    },
    "../../node_modules/.pnpm/swagger-jsdoc@6.2.8_openapi-types@12.1.3/node_modules/swagger-jsdoc": {
      "version": "6.2.8",
      "license": "MIT",
      "dependencies": {
        "commander": "6.2.0",
        "doctrine": "3.0.0",
        "glob": "7.1.6",
        "lodash.mergewith": "^4.6.2",
        "swagger-parser": "^10.0.3",
        "yaml": "2.0.0-1"
      },
      "bin": {
        "swagger-jsdoc": "bin/swagger-jsdoc.js"
      },
      "devDependencies": {
        "body-parser": "1.19.0",
        "eslint": "8.9.0",
        "eslint-config-airbnb-base": "15.0.0",
        "eslint-config-prettier": "6.15.0",
        "eslint-loader": "4.0.2",
        "eslint-plugin-import": "2.25.4",
        "eslint-plugin-jest": "26.1.1",
        "eslint-plugin-prettier": "3.1.4",
        "express": "4.17.1",
        "husky": "7.0.4",
        "jest": "^26.6.1",
        "lint-staged": "10.5.2",
        "npm-run-all": "4.1.5",
        "prettier": "2.2.0",
        "supertest": "6.0.1"
      },
      "engines": {
        "node": ">=12.0.0"
      }
    },
    "../../node_modules/.pnpm/swagger-ui-express@4.6.3_express@4.18.2/node_modules/swagger-ui-express": {
      "version": "4.6.3",
      "license": "MIT",
      "dependencies": {
        "swagger-ui-dist": ">=4.11.0"
      },
      "devDependencies": {
        "es6-shim": "0.35.2",
        "express": "^4.18.2",
        "istanbul-badges-readme": "^1.2.0",
        "mocha": "^10.2.0",
        "nyc": "^15.1.0",
        "puppeteer": "5.3.1"
      },
      "engines": {
        "node": ">= v0.10.32"
      },
      "peerDependencies": {
        "express": ">=4.0.0 || >=5.0.0-beta"
      }
    },
    "../../node_modules/.pnpm/ts-node-dev@2.0.0_@types+node@20.3.1_typescript@5.0.4/node_modules/ts-node-dev": {
      "version": "2.0.0",
      "dev": true,
      "license": "MIT",
      "dependencies": {
        "chokidar": "^3.5.1",
        "dynamic-dedupe": "^0.3.0",
        "minimist": "^1.2.6",
        "mkdirp": "^1.0.4",
        "resolve": "^1.0.0",
        "rimraf": "^2.6.1",
        "source-map-support": "^0.5.12",
        "tree-kill": "^1.2.2",
        "ts-node": "^10.4.0",
        "tsconfig": "^7.0.0"
      },
      "bin": {
        "ts-node-dev": "lib/bin.js",
        "tsnd": "lib/bin.js"
      },
      "devDependencies": {
        "@types/chai": "^4.2.12",
        "@types/chokidar": "^2.1.3",
        "@types/fs-extra": "^9.0.1",
        "@types/minimist": "^1.2.0",
        "@types/mkdirp": "^1.0.1",
        "@types/mocha": "github:whitecolor/mocha-types",
        "@types/node": "^14.6.0",
        "@types/rimraf": "^3.0.0",
        "@types/tape": "^4.13.0",
        "@types/touch": "^3.1.1",
        "@types/ts-nameof": "^4.2.1",
        "@whitecolor/eslint-config": "^1.0.0",
        "chai": "^4.2.0",
        "chalk": "^4.1.0",
        "coffee-script": "^1.8.0",
        "eslint": "^7.7.0",
        "esm": "^3.2.22",
        "fs-extra": "^9.0.1",
        "mocha": "^8.1.1",
        "np": "^7.6.1",
        "tap": "^5.2.0",
        "tape": "^5.0.1",
        "touch": "^1.0.0",
        "ts-nameof": "^5.0.0",
        "tsconfig-paths": "^3.3.1",
        "ttypescript": "^1.5.10",
        "typescript": "^3.9.5"
      },
      "engines": {
        "node": ">=0.8.0"
      },
      "peerDependencies": {
        "node-notifier": "*",
        "typescript": "*"
      },
      "peerDependenciesMeta": {
        "node-notifier": {
          "optional": true
        }
      }
    },
    "../../node_modules/.pnpm/tsup@6.7.0_typescript@5.0.4/node_modules/tsup": {
      "version": "6.7.0",
      "dev": true,
      "license": "MIT",
      "dependencies": {
        "bundle-require": "^4.0.0",
        "cac": "^6.7.12",
        "chokidar": "^3.5.1",
        "debug": "^4.3.1",
        "esbuild": "^0.17.6",
        "execa": "^5.0.0",
        "globby": "^11.0.3",
        "joycon": "^3.0.1",
        "postcss-load-config": "^3.0.1",
        "resolve-from": "^5.0.0",
        "rollup": "^3.2.5",
        "source-map": "0.8.0-beta.0",
        "sucrase": "^3.20.3",
        "tree-kill": "^1.2.2"
      },
      "bin": {
        "tsup": "dist/cli-default.js",
        "tsup-node": "dist/cli-node.js"
      },
      "devDependencies": {
        "@rollup/plugin-json": "5.0.1",
        "@swc/core": "1.2.218",
        "@types/debug": "4.1.7",
        "@types/flat": "5.0.2",
        "@types/fs-extra": "9.0.13",
        "@types/node": "14.18.12",
        "@types/resolve": "1.20.1",
        "colorette": "2.0.16",
        "consola": "2.15.3",
        "flat": "5.0.2",
        "fs-extra": "10.0.0",
        "postcss": "8.4.12",
        "postcss-simple-vars": "6.0.3",
        "prettier": "2.5.1",
        "resolve": "1.20.0",
        "rollup-plugin-dts": "5.3.0",
        "rollup-plugin-hashbang": "2.2.2",
        "strip-json-comments": "4.0.0",
        "svelte": "3.46.4",
        "terser": "^5.16.0",
        "ts-essentials": "9.1.2",
        "tsconfig-paths": "3.12.0",
        "tsup": "6.6.1",
        "typescript": "5.0.2",
        "vitest": "0.28.4",
        "wait-for-expect": "3.0.2"
      },
      "engines": {
        "node": ">=14.18"
      },
      "peerDependencies": {
        "@swc/core": "^1",
        "postcss": "^8.4.12",
        "typescript": ">=4.1.0"
      },
      "peerDependenciesMeta": {
        "@swc/core": {
          "optional": true
        },
        "postcss": {
          "optional": true
        },
        "typescript": {
          "optional": true
        }
      }
    },
    "node_modules/@types/express": {
      "resolved": "../../node_modules/.pnpm/@types+express@4.17.17/node_modules/@types/express",
      "link": true
    },
    "node_modules/@types/http-errors": {
      "version": "2.0.1",
      "resolved": "https://registry.npmjs.org/@types/http-errors/-/http-errors-2.0.1.tgz",
      "integrity": "sha512-/K3ds8TRAfBvi5vfjuz8y6+GiAYBZ0x4tXv1Av6CWBWn0IlADc+ZX9pMq7oU0fNQPnBwIZl3rmeLp6SBApbxSQ==",
      "dev": true
    },
    "node_modules/@types/mime": {
      "version": "3.0.1",
      "resolved": "https://registry.npmjs.org/@types/mime/-/mime-3.0.1.tgz",
      "integrity": "sha512-Y4XFY5VJAuw0FgAqPNd6NNoV44jbq9Bz2L7Rh/J6jLTiHBSBJa9fxqQIvkIld4GsoDOcCbvzOUAbLPsSKKg+uA==",
      "dev": true
    },
    "node_modules/@types/node": {
      "resolved": "../../node_modules/.pnpm/@types+node@20.3.1/node_modules/@types/node",
      "link": true
    },
    "node_modules/@types/serve-static": {
      "version": "1.15.2",
      "resolved": "https://registry.npmjs.org/@types/serve-static/-/serve-static-1.15.2.tgz",
      "integrity": "sha512-J2LqtvFYCzaj8pVYKw8klQXrLLk7TBZmQ4ShlcdkELFKGwGMfevMLneMMRkMgZxotOD9wg497LpC7O8PcvAmfw==",
      "dev": true,
      "dependencies": {
        "@types/http-errors": "*",
        "@types/mime": "*",
        "@types/node": "*"
      }
    },
    "node_modules/@types/swagger-jsdoc": {
      "version": "6.0.1",
      "resolved": "https://registry.npmjs.org/@types/swagger-jsdoc/-/swagger-jsdoc-6.0.1.tgz",
      "integrity": "sha512-+MUpcbyxD528dECUBCEVm6abNuORdbuGjbrUdHDeAQ+rkPuo2a+L4N02WJHF3bonSSE6SJ3dUJwF2V6+cHnf0w==",
      "dev": true
    },
    "node_modules/@types/swagger-ui-express": {
      "version": "4.1.3",
      "resolved": "https://registry.npmjs.org/@types/swagger-ui-express/-/swagger-ui-express-4.1.3.tgz",
      "integrity": "sha512-jqCjGU/tGEaqIplPy3WyQg+Nrp6y80DCFnDEAvVKWkJyv0VivSSDCChkppHRHAablvInZe6pijDFMnavtN0vqA==",
      "dev": true,
      "dependencies": {
        "@types/express": "*",
        "@types/serve-static": "*"
      }
    },
    "node_modules/express": {
      "resolved": "../../node_modules/.pnpm/express@4.18.2/node_modules/express",
      "link": true
    },
    "node_modules/swagger-jsdoc": {
      "resolved": "../../node_modules/.pnpm/swagger-jsdoc@6.2.8_openapi-types@12.1.3/node_modules/swagger-jsdoc",
      "link": true
    },
    "node_modules/swagger-ui-express": {
      "resolved": "../../node_modules/.pnpm/swagger-ui-express@4.6.3_express@4.18.2/node_modules/swagger-ui-express",
      "link": true
    },
    "node_modules/ts-node-dev": {
      "resolved": "../../node_modules/.pnpm/ts-node-dev@2.0.0_@types+node@20.3.1_typescript@5.0.4/node_modules/ts-node-dev",
      "link": true
    },
    "node_modules/tsup": {
      "resolved": "../../node_modules/.pnpm/tsup@6.7.0_typescript@5.0.4/node_modules/tsup",
      "link": true
    }
  }
}
